
Microsoft Visual Studio Solution File, Format Version 12.00
# Visual Studio Version 17
VisualStudioVersion = 17.0.32112.339
MinimumVisualStudioVersion = 10.0.40219.1
Project("{2150E333-8FDC-42A3-9474-1A3956D46DE8}") = "Ichiba.OMS.API", "Ichiba.OMS.API", "{E6458CAD-4758-4287-A931-C379F2590C55}"
EndProject
Project("{9A19103F-16F7-4668-BE54-9A1E7A4F7556}") = "OMS-API", "OMS-API\OMS-API.csproj", "{1B42AF74-B793-4A7E-AFFC-B82BEB208ED5}"
EndProject
Project("{2150E333-8FDC-42A3-9474-1A3956D46DE8}") = "Libraries", "Libraries", "{DB0A8D95-A12C-4699-A60A-A8BD18C076CB}"
EndProject
Project("{9A19103F-16F7-4668-BE54-9A1E7A4F7556}") = "Repository", "Repository\Repository.csproj", "{1CF64A7F-AE8E-49EF-BB66-65A6CB96A10A}"
EndProject
Project("{9A19103F-16F7-4668-BE54-9A1E7A4F7556}") = "UnitOfWork", "UnitOfWork\UnitOfWork.csproj", "{4BF070C1-D03A-46D0-89E9-819C747B447C}"
EndProject
Project("{2150E333-8FDC-42A3-9474-1A3956D46DE8}") = "Domain", "Domain", "{163F96A4-30B0-4994-ADA6-E8668A0FC965}"
EndProject
Project("{9A19103F-16F7-4668-BE54-9A1E7A4F7556}") = "Domain", "Domain\Domain.csproj", "{A29F155A-BEDC-4229-AEBF-721334DB209F}"
EndProject
Project("{2150E333-8FDC-42A3-9474-1A3956D46DE8}") = "DTO", "DTO", "{D272A96E-D39E-47AE-A4DA-D355FE72880D}"
EndProject
Project("{9A19103F-16F7-4668-BE54-9A1E7A4F7556}") = "DTO", "DTO\DTO.csproj", "{C60BAB58-211E-4C96-B812-6ACC2ED1478C}"
EndProject
Project("{2150E333-8FDC-42A3-9474-1A3956D46DE8}") = "Common", "Common", "{E50B0E56-5AFD-49DC-A14B-543DB43742A5}"
EndProject
Project("{9A19103F-16F7-4668-BE54-9A1E7A4F7556}") = "OMS.Common", "OMS.Common\OMS.Common.csproj", "{A1264CE7-E94F-4D78-94F9-15BE3442D634}"
EndProject
Project("{9A19103F-16F7-4668-BE54-9A1E7A4F7556}") = "CQRS", "CQRS\CQRS.csproj", "{3F68E4D7-DFC0-47A2-802A-8D69CFA40E50}"
EndProject
Project("{2150E333-8FDC-42A3-9474-1A3956D46DE8}") = "Services", "Services", "{EA90AEB0-4E3F-4F5A-8920-D8D21EB3B603}"
EndProject
Project("{9A19103F-16F7-4668-BE54-9A1E7A4F7556}") = "Services", "Services\Services.csproj", "{7486405D-7424-4569-BF45-9409A7A230B2}"
EndProject
Project("{9A19103F-16F7-4668-BE54-9A1E7A4F7556}") = "OMS.Helpers", "OMS.Helpers\OMS.Helpers.csproj", "{DB867A91-E88E-4358-99AF-9F9D46776105}"
EndProject
Project("{2150E333-8FDC-42A3-9474-1A3956D46DE8}") = "GatewayAPIServices", "GatewayAPIServices", "{9930C663-0D66-45D1-A1F4-4E59723FA382}"
EndProject
Project("{FAE04EC0-301F-11D3-BF4B-00C04F79EFBC}") = "GatewayServices", "GatewayServices\GatewayServices.csproj", "{8115EFD0-D5D7-4114-9683-2C9A09B06CFB}"
EndProject
Global
	GlobalSection(SolutionConfigurationPlatforms) = preSolution
		Debug|Any CPU = Debug|Any CPU
		Release|Any CPU = Release|Any CPU
	EndGlobalSection
	GlobalSection(ProjectConfigurationPlatforms) = postSolution
		{1B42AF74-B793-4A7E-AFFC-B82BEB208ED5}.Debug|Any CPU.ActiveCfg = Debug|Any CPU
		{1B42AF74-B793-4A7E-AFFC-B82BEB208ED5}.Debug|Any CPU.Build.0 = Debug|Any CPU
		{1B42AF74-B793-4A7E-AFFC-B82BEB208ED5}.Release|Any CPU.ActiveCfg = Release|Any CPU
		{1B42AF74-B793-4A7E-AFFC-B82BEB208ED5}.Release|Any CPU.Build.0 = Release|Any CPU
		{1CF64A7F-AE8E-49EF-BB66-65A6CB96A10A}.Debug|Any CPU.ActiveCfg = Debug|Any CPU
		{1CF64A7F-AE8E-49EF-BB66-65A6CB96A10A}.Debug|Any CPU.Build.0 = Debug|Any CPU
		{1CF64A7F-AE8E-49EF-BB66-65A6CB96A10A}.Release|Any CPU.ActiveCfg = Release|Any CPU
		{1CF64A7F-AE8E-49EF-BB66-65A6CB96A10A}.Release|Any CPU.Build.0 = Release|Any CPU
		{4BF070C1-D03A-46D0-89E9-819C747B447C}.Debug|Any CPU.ActiveCfg = Debug|Any CPU
		{4BF070C1-D03A-46D0-89E9-819C747B447C}.Debug|Any CPU.Build.0 = Debug|Any CPU
		{4BF070C1-D03A-46D0-89E9-819C747B447C}.Release|Any CPU.ActiveCfg = Release|Any CPU
		{4BF070C1-D03A-46D0-89E9-819C747B447C}.Release|Any CPU.Build.0 = Release|Any CPU
		{A29F155A-BEDC-4229-AEBF-721334DB209F}.Debug|Any CPU.ActiveCfg = Debug|Any CPU
		{A29F155A-BEDC-4229-AEBF-721334DB209F}.Debug|Any CPU.Build.0 = Debug|Any CPU
		{A29F155A-BEDC-4229-AEBF-721334DB209F}.Release|Any CPU.ActiveCfg = Release|Any CPU
		{A29F155A-BEDC-4229-AEBF-721334DB209F}.Release|Any CPU.Build.0 = Release|Any CPU
		{C60BAB58-211E-4C96-B812-6ACC2ED1478C}.Debug|Any CPU.ActiveCfg = Debug|Any CPU
		{C60BAB58-211E-4C96-B812-6ACC2ED1478C}.Debug|Any CPU.Build.0 = Debug|Any CPU
		{C60BAB58-211E-4C96-B812-6ACC2ED1478C}.Release|Any CPU.ActiveCfg = Release|Any CPU
		{C60BAB58-211E-4C96-B812-6ACC2ED1478C}.Release|Any CPU.Build.0 = Release|Any CPU
		{A1264CE7-E94F-4D78-94F9-15BE3442D634}.Debug|Any CPU.ActiveCfg = Debug|Any CPU
		{A1264CE7-E94F-4D78-94F9-15BE3442D634}.Debug|Any CPU.Build.0 = Debug|Any CPU
		{A1264CE7-E94F-4D78-94F9-15BE3442D634}.Release|Any CPU.ActiveCfg = Release|Any CPU
		{A1264CE7-E94F-4D78-94F9-15BE3442D634}.Release|Any CPU.Build.0 = Release|Any CPU
		{3F68E4D7-DFC0-47A2-802A-8D69CFA40E50}.Debug|Any CPU.ActiveCfg = Debug|Any CPU
		{3F68E4D7-DFC0-47A2-802A-8D69CFA40E50}.Debug|Any CPU.Build.0 = Debug|Any CPU
		{3F68E4D7-DFC0-47A2-802A-8D69CFA40E50}.Release|Any CPU.ActiveCfg = Release|Any CPU
		{3F68E4D7-DFC0-47A2-802A-8D69CFA40E50}.Release|Any CPU.Build.0 = Release|Any CPU
		{7486405D-7424-4569-BF45-9409A7A230B2}.Debug|Any CPU.ActiveCfg = Debug|Any CPU
		{7486405D-7424-4569-BF45-9409A7A230B2}.Debug|Any CPU.Build.0 = Debug|Any CPU
		{7486405D-7424-4569-BF45-9409A7A230B2}.Release|Any CPU.ActiveCfg = Release|Any CPU
		{7486405D-7424-4569-BF45-9409A7A230B2}.Release|Any CPU.Build.0 = Release|Any CPU
		{DB867A91-E88E-4358-99AF-9F9D46776105}.Debug|Any CPU.ActiveCfg = Debug|Any CPU
		{DB867A91-E88E-4358-99AF-9F9D46776105}.Debug|Any CPU.Build.0 = Debug|Any CPU
		{DB867A91-E88E-4358-99AF-9F9D46776105}.Release|Any CPU.ActiveCfg = Release|Any CPU
		{DB867A91-E88E-4358-99AF-9F9D46776105}.Release|Any CPU.Build.0 = Release|Any CPU
		{8115EFD0-D5D7-4114-9683-2C9A09B06CFB}.Debug|Any CPU.ActiveCfg = Debug|Any CPU
		{8115EFD0-D5D7-4114-9683-2C9A09B06CFB}.Debug|Any CPU.Build.0 = Debug|Any CPU
		{8115EFD0-D5D7-4114-9683-2C9A09B06CFB}.Release|Any CPU.ActiveCfg = Release|Any CPU
		{8115EFD0-D5D7-4114-9683-2C9A09B06CFB}.Release|Any CPU.Build.0 = Release|Any CPU
	EndGlobalSection
	GlobalSection(SolutionProperties) = preSolution
		HideSolutionNode = FALSE
	EndGlobalSection
	GlobalSection(NestedProjects) = preSolution
		{1B42AF74-B793-4A7E-AFFC-B82BEB208ED5} = {E6458CAD-4758-4287-A931-C379F2590C55}
		{1CF64A7F-AE8E-49EF-BB66-65A6CB96A10A} = {DB0A8D95-A12C-4699-A60A-A8BD18C076CB}
		{4BF070C1-D03A-46D0-89E9-819C747B447C} = {DB0A8D95-A12C-4699-A60A-A8BD18C076CB}
		{A29F155A-BEDC-4229-AEBF-721334DB209F} = {163F96A4-30B0-4994-ADA6-E8668A0FC965}
		{C60BAB58-211E-4C96-B812-6ACC2ED1478C} = {D272A96E-D39E-47AE-A4DA-D355FE72880D}
		{A1264CE7-E94F-4D78-94F9-15BE3442D634} = {E50B0E56-5AFD-49DC-A14B-543DB43742A5}
		{3F68E4D7-DFC0-47A2-802A-8D69CFA40E50} = {DB0A8D95-A12C-4699-A60A-A8BD18C076CB}
		{7486405D-7424-4569-BF45-9409A7A230B2} = {EA90AEB0-4E3F-4F5A-8920-D8D21EB3B603}
		{DB867A91-E88E-4358-99AF-9F9D46776105} = {E50B0E56-5AFD-49DC-A14B-543DB43742A5}
		{8115EFD0-D5D7-4114-9683-2C9A09B06CFB} = {9930C663-0D66-45D1-A1F4-4E59723FA382}
	EndGlobalSection
	GlobalSection(ExtensibilityGlobals) = postSolution
		SolutionGuid = {765728CA-5C7F-43C5-93E0-1FA66184BA9B}
	EndGlobalSection
EndGlobal
